{
  "name": "pp-ii-intranet-instituto-superior-de-formacion-docente-n9133",
  "version": "1.0.0",
  "lockfileVersion": 3,
  "requires": true,
  "packages": {
    "": {
      "name": "pp-ii-intranet-instituto-superior-de-formacion-docente-n9133",
      "version": "1.0.0",
      "license": "ISC"
    }
  }
}
